
Microsoft Visual Studio Solution File, Format Version 12.00
# Visual Studio Version 17
VisualStudioVersion = 17.14.36408.4 d17.14
MinimumVisualStudioVersion = 10.0.40219.1
Project("{FAE04EC0-301F-11D3-BF4B-00C04F79EFBC}") = "04_Count_Elements_Greater_Than_50", "04_Count_Elements_Greater_Than_50.csproj", "{E0801701-963C-49C7-BDEC-7BB6D118351D}"
EndProject
Global
	GlobalSection(SolutionConfigurationPlatforms) = preSolution
		Debug|Any CPU = Debug|Any CPU
		Release|Any CPU = Release|Any CPU
	EndGlobalSection
	GlobalSection(ProjectConfigurationPlatforms) = postSolution
		{E0801701-963C-49C7-BDEC-7BB6D118351D}.Debug|Any CPU.ActiveCfg = Debug|Any CPU
		{E0801701-963C-49C7-BDEC-7BB6D118351D}.Debug|Any CPU.Build.0 = Debug|Any CPU
		{E0801701-963C-49C7-BDEC-7BB6D118351D}.Release|Any CPU.ActiveCfg = Release|Any CPU
		{E0801701-963C-49C7-BDEC-7BB6D118351D}.Release|Any CPU.Build.0 = Release|Any CPU
	EndGlobalSection
	GlobalSection(SolutionProperties) = preSolution
		HideSolutionNode = FALSE
	EndGlobalSection
	GlobalSection(ExtensibilityGlobals) = postSolution
		SolutionGuid = {B2188ADA-5F91-4EBC-8C15-F90889007F1C}
	EndGlobalSection
EndGlobal
