
Microsoft Visual Studio Solution File, Format Version 12.00
# Visual Studio Version 17
VisualStudioVersion = 17.14.36408.4 d17.14
MinimumVisualStudioVersion = 10.0.40219.1
Project("{FAE04EC0-301F-11D3-BF4B-00C04F79EFBC}") = "01_Matrix_Sum", "01_Matrix_Sum.csproj", "{C688137C-84B3-4734-9915-5A7927B13FA8}"
EndProject
Global
	GlobalSection(SolutionConfigurationPlatforms) = preSolution
		Debug|Any CPU = Debug|Any CPU
		Release|Any CPU = Release|Any CPU
	EndGlobalSection
	GlobalSection(ProjectConfigurationPlatforms) = postSolution
		{C688137C-84B3-4734-9915-5A7927B13FA8}.Debug|Any CPU.ActiveCfg = Debug|Any CPU
		{C688137C-84B3-4734-9915-5A7927B13FA8}.Debug|Any CPU.Build.0 = Debug|Any CPU
		{C688137C-84B3-4734-9915-5A7927B13FA8}.Release|Any CPU.ActiveCfg = Release|Any CPU
		{C688137C-84B3-4734-9915-5A7927B13FA8}.Release|Any CPU.Build.0 = Release|Any CPU
	EndGlobalSection
	GlobalSection(SolutionProperties) = preSolution
		HideSolutionNode = FALSE
	EndGlobalSection
	GlobalSection(ExtensibilityGlobals) = postSolution
		SolutionGuid = {2FDEE56C-1B73-45F0-B18D-DE0CFF5E80D5}
	EndGlobalSection
EndGlobal
