
Microsoft Visual Studio Solution File, Format Version 12.00
# Visual Studio Version 17
VisualStudioVersion = 17.14.36408.4 d17.14
MinimumVisualStudioVersion = 10.0.40219.1
Project("{FAE04EC0-301F-11D3-BF4B-00C04F79EFBC}") = "02_Sum_Of_Elements", "02_Sum_Of_Elements.csproj", "{89731E95-C933-43C0-83C7-0FC6B53A516A}"
EndProject
Global
	GlobalSection(SolutionConfigurationPlatforms) = preSolution
		Debug|Any CPU = Debug|Any CPU
		Release|Any CPU = Release|Any CPU
	EndGlobalSection
	GlobalSection(ProjectConfigurationPlatforms) = postSolution
		{89731E95-C933-43C0-83C7-0FC6B53A516A}.Debug|Any CPU.ActiveCfg = Debug|Any CPU
		{89731E95-C933-43C0-83C7-0FC6B53A516A}.Debug|Any CPU.Build.0 = Debug|Any CPU
		{89731E95-C933-43C0-83C7-0FC6B53A516A}.Release|Any CPU.ActiveCfg = Release|Any CPU
		{89731E95-C933-43C0-83C7-0FC6B53A516A}.Release|Any CPU.Build.0 = Release|Any CPU
	EndGlobalSection
	GlobalSection(SolutionProperties) = preSolution
		HideSolutionNode = FALSE
	EndGlobalSection
	GlobalSection(ExtensibilityGlobals) = postSolution
		SolutionGuid = {3C08A000-59EA-4E33-A0E0-B1CBE6C2E6D3}
	EndGlobalSection
EndGlobal
